// !$*UTF8*$!
{
	archiveVersion = 1;
	classes = {
	};
	objectVersion = 55;
	objects = {

/* Begin PBXBuildFile section */
		701AE393273D781300DBC4B8 /* AppDelegate.swift in Sources */ = {isa = PBXBuildFile; fileRef = 701AE392273D781300DBC4B8 /* AppDelegate.swift */; };
		701AE395273D781300DBC4B8 /* SceneDelegate.swift in Sources */ = {isa = PBXBuildFile; fileRef = 701AE394273D781300DBC4B8 /* SceneDelegate.swift */; };
		701AE397273D781300DBC4B8 /* ViewController.swift in Sources */ = {isa = PBXBuildFile; fileRef = 701AE396273D781300DBC4B8 /* ViewController.swift */; };
		701AE39A273D781300DBC4B8 /* Main.storyboard in Resources */ = {isa = PBXBuildFile; fileRef = 701AE398273D781300DBC4B8 /* Main.storyboard */; };
		701AE39C273D781400DBC4B8 /* Assets.xcassets in Resources */ = {isa = PBXBuildFile; fileRef = 701AE39B273D781400DBC4B8 /* Assets.xcassets */; };
		701AE39F273D781400DBC4B8 /* LaunchScreen.storyboard in Resources */ = {isa = PBXBuildFile; fileRef = 701AE39D273D781400DBC4B8 /* LaunchScreen.storyboard */; };
		701AE3AA273D781400DBC4B8 /* Sample_FaceID_TouchIDTests.swift in Sources */ = {isa = PBXBuildFile; fileRef = 701AE3A9273D781400DBC4B8 /* Sample_FaceID_TouchIDTests.swift */; };
		701AE3B4273D781400DBC4B8 /* Sample_FaceID_TouchIDUITests.swift in Sources */ = {isa = PBXBuildFile; fileRef = 701AE3B3273D781400DBC4B8 /* Sample_FaceID_TouchIDUITests.swift */; };
		701AE3B6273D781400DBC4B8 /* Sample_FaceID_TouchIDUITestsLaunchTests.swift in Sources */ = {isa = PBXBuildFile; fileRef = 701AE3B5273D781400DBC4B8 /* Sample_FaceID_TouchIDUITestsLaunchTests.swift */; };
		701AE3C3273D7C8A00DBC4B8 /* DashboardViewController.swift in Sources */ = {isa = PBXBuildFile; fileRef = 701AE3C2273D7C8A00DBC4B8 /* DashboardViewController.swift */; };
		7092D46A273D90C300B2CC79 /* AuthenticationManager.swift in Sources */ = {isa = PBXBuildFile; fileRef = 7092D469273D90C300B2CC79 /* AuthenticationManager.swift */; };
/* End PBXBuildFile section */

/* Begin PBXContainerItemProxy section */
		701AE3A6273D781400DBC4B8 /* PBXContainerItemProxy */ = {
			isa = PBXContainerItemProxy;
			containerPortal = 701AE387273D781300DBC4B8 /* Project object */;
			proxyType = 1;
			remoteGlobalIDString = 701AE38E273D781300DBC4B8;
			remoteInfo = Sample_FaceID_TouchID;
		};
		701AE3B0273D781400DBC4B8 /* PBXContainerItemProxy */ = {
			isa = PBXContainerItemProxy;
			containerPortal = 701AE387273D781300DBC4B8 /* Project object */;
			proxyType = 1;
			remoteGlobalIDString = 701AE38E273D781300DBC4B8;
			remoteInfo = Sample_FaceID_TouchID;
		};
/* End PBXContainerItemProxy section */

/* Begin PBXFileReference section */
		701AE38F273D781300DBC4B8 /* Sample_FaceID_TouchID.app */ = {isa = PBXFileReference; explicitFileType = wrapper.application; includeInIndex = 0; path = Sample_FaceID_TouchID.app; sourceTree = BUILT_PRODUCTS_DIR; };
		701AE392273D781300DBC4B8 /* AppDelegate.swift */ = {isa = PBXFileReference; lastKnownFileType = sourcecode.swift; path = AppDelegate.swift; sourceTree = "<group>"; };
		701AE394273D781300DBC4B8 /* SceneDelegate.swift */ = {isa = PBXFileReference; lastKnownFileType = sourcecode.swift; path = SceneDelegate.swift; sourceTree = "<group>"; };
		701AE396273D781300DBC4B8 /* ViewController.swift */ = {isa = PBXFileReference; lastKnownFileType = sourcecode.swift; path = ViewController.swift; sourceTree = "<group>"; };
		701AE399273D781300DBC4B8 /* Base */ = {isa = PBXFileReference; lastKnownFileType = file.storyboard; name = Base; path = Base.lproj/Main.storyboard; sourceTree = "<group>"; };
		701AE39B273D781400DBC4B8 /* Assets.xcassets */ = {isa = PBXFileReference; lastKnownFileType = folder.assetcatalog; path = Assets.xcassets; sourceTree = "<group>"; };
		701AE39E273D781400DBC4B8 /* Base */ = {isa = PBXFileReference; lastKnownFileType = file.storyboard; name = Base; path = Base.lproj/LaunchScreen.storyboard; sourceTree = "<group>"; };
		701AE3A0273D781400DBC4B8 /* Info.plist */ = {isa = PBXFileReference; lastKnownFileType = text.plist.xml; path = Info.plist; sourceTree = "<group>"; };
		701AE3A5273D781400DBC4B8 /* Sample_FaceID_TouchIDTests.xctest */ = {isa = PBXFileReference; explicitFileType = wrapper.cfbundle; includeInIndex = 0; path = Sample_FaceID_TouchIDTests.xctest; sourceTree = BUILT_PRODUCTS_DIR; };
		701AE3A9273D781400DBC4B8 /* Sample_FaceID_TouchIDTests.swift */ = {isa = PBXFileReference; lastKnownFileType = sourcecode.swift; path = Sample_FaceID_TouchIDTests.swift; sourceTree = "<group>"; };
		701AE3AF273D781400DBC4B8 /* Sample_FaceID_TouchIDUITests.xctest */ = {isa = PBXFileReference; explicitFileType = wrapper.cfbundle; includeInIndex = 0; path = Sample_FaceID_TouchIDUITests.xctest; sourceTree = BUILT_PRODUCTS_DIR; };
		701AE3B3273D781400DBC4B8 /* Sample_FaceID_TouchIDUITests.swift */ = {isa = PBXFileReference; lastKnownFileType = sourcecode.swift; path = Sample_FaceID_TouchIDUITests.swift; sourceTree = "<group>"; };
		701AE3B5273D781400DBC4B8 /* Sample_FaceID_TouchIDUITestsLaunchTests.swift */ = {isa = PBXFileReference; lastKnownFileType = sourcecode.swift; path = Sample_FaceID_TouchIDUITestsLaunchTests.swift; sourceTree = "<group>"; };
		701AE3C2273D7C8A00DBC4B8 /* DashboardViewController.swift */ = {isa = PBXFileReference; lastKnownFileType = sourcecode.swift; path = DashboardViewController.swift; sourceTree = "<group>"; };
		7092D469273D90C300B2CC79 /* AuthenticationManager.swift */ = {isa = PBXFileReference; lastKnownFileType = sourcecode.swift; path = AuthenticationManager.swift; sourceTree = "<group>"; };
/* End PBXFileReference section */

/* Begin PBXFrameworksBuildPhase section */
		701AE38C273D781300DBC4B8 /* Frameworks */ = {
			isa = PBXFrameworksBuildPhase;
			buildActionMask = 2147483647;
			files = (
			);
			runOnlyForDeploymentPostprocessing = 0;
		};
		701AE3A2273D781400DBC4B8 /* Frameworks */ = {
			isa = PBXFrameworksBuildPhase;
			buildActionMask = 2147483647;
			files = (
			);
			runOnlyForDeploymentPostprocessing = 0;
		};
		701AE3AC273D781400DBC4B8 /* Frameworks */ = {
			isa = PBXFrameworksBuildPhase;
			buildActionMask = 2147483647;
			files = (
			);
			runOnlyForDeploymentPostprocessing = 0;
		};
/* End PBXFrameworksBuildPhase section */

/* Begin PBXGroup section */
		701AE386273D781300DBC4B8 = {
			isa = PBXGroup;
			children = (
				701AE391273D781300DBC4B8 /* Sample_FaceID_TouchID */,
				701AE3A8273D781400DBC4B8 /* Sample_FaceID_TouchIDTests */,
				701AE3B2273D781400DBC4B8 /* Sample_FaceID_TouchIDUITests */,
				701AE390273D781300DBC4B8 /* Products */,
			);
			sourceTree = "<group>";
		};
		701AE390273D781300DBC4B8 /* Products */ = {
			isa = PBXGroup;
			children = (
				701AE38F273D781300DBC4B8 /* Sample_FaceID_TouchID.app */,
				701AE3A5273D781400DBC4B8 /* Sample_FaceID_TouchIDTests.xctest */,
				701AE3AF273D781400DBC4B8 /* Sample_FaceID_TouchIDUITests.xctest */,
			);
			name = Products;
			sourceTree = "<group>";
		};
		701AE391273D781300DBC4B8 /* Sample_FaceID_TouchID */ = {
			isa = PBXGroup;
			children = (
				7092D468273D90A800B2CC79 /* ViewController */,
				7092D467273D909400B2CC79 /* Authentication */,
				701AE392273D781300DBC4B8 /* AppDelegate.swift */,
				701AE394273D781300DBC4B8 /* SceneDelegate.swift */,
				701AE398273D781300DBC4B8 /* Main.storyboard */,
				701AE39B273D781400DBC4B8 /* Assets.xcassets */,
				701AE39D273D781400DBC4B8 /* LaunchScreen.storyboard */,
				701AE3A0273D781400DBC4B8 /* Info.plist */,
			);
			path = Sample_FaceID_TouchID;
			sourceTree = "<group>";
		};
		701AE3A8273D781400DBC4B8 /* Sample_FaceID_TouchIDTests */ = {
			isa = PBXGroup;
			children = (
				701AE3A9273D781400DBC4B8 /* Sample_FaceID_TouchIDTests.swift */,
			);
			path = Sample_FaceID_TouchIDTests;
			sourceTree = "<group>";
		};
		701AE3B2273D781400DBC4B8 /* Sample_FaceID_TouchIDUITests */ = {
			isa = PBXGroup;
			children = (
				701AE3B3273D781400DBC4B8 /* Sample_FaceID_TouchIDUITests.swift */,
				701AE3B5273D781400DBC4B8 /* Sample_FaceID_TouchIDUITestsLaunchTests.swift */,
			);
			path = Sample_FaceID_TouchIDUITests;
			sourceTree = "<group>";
		};
		7092D467273D909400B2CC79 /* Authentication */ = {
			isa = PBXGroup;
			children = (
				7092D469273D90C300B2CC79 /* AuthenticationManager.swift */,
			);
			path = Authentication;
			sourceTree = "<group>";
		};
		7092D468273D90A800B2CC79 /* ViewController */ = {
			isa = PBXGroup;
			children = (
				701AE396273D781300DBC4B8 /* ViewController.swift */,
				701AE3C2273D7C8A00DBC4B8 /* DashboardViewController.swift */,
			);
			path = ViewController;
			sourceTree = "<group>";
		};
/* End PBXGroup section */

/* Begin PBXNativeTarget section */
		701AE38E273D781300DBC4B8 /* Sample_FaceID_TouchID */ = {
			isa = PBXNativeTarget;
			buildConfigurationList = 701AE3B9273D781400DBC4B8 /* Build configuration list for PBXNativeTarget "Sample_FaceID_TouchID" */;
			buildPhases = (
				701AE38B273D781300DBC4B8 /* Sources */,
				701AE38C273D781300DBC4B8 /* Frameworks */,
				701AE38D273D781300DBC4B8 /* Resources */,
			);
			buildRules = (
			);
			dependencies = (
			);
			name = Sample_FaceID_TouchID;
			productName = Sample_FaceID_TouchID;
			productReference = 701AE38F273D781300DBC4B8 /* Sample_FaceID_TouchID.app */;
			productType = "com.apple.product-type.application";
		};
		701AE3A4273D781400DBC4B8 /* Sample_FaceID_TouchIDTests */ = {
			isa = PBXNativeTarget;
			buildConfigurationList = 701AE3BC273D781400DBC4B8 /* Build configuration list for PBXNativeTarget "Sample_FaceID_TouchIDTests" */;
			buildPhases = (
				701AE3A1273D781400DBC4B8 /* Sources */,
				701AE3A2273D781400DBC4B8 /* Frameworks */,
				701AE3A3273D781400DBC4B8 /* Resources */,
			);
			buildRules = (
			);
			dependencies = (
				701AE3A7273D781400DBC4B8 /* PBXTargetDependency */,
			);
			name = Sample_FaceID_TouchIDTests;
			productName = Sample_FaceID_TouchIDTests;
			productReference = 701AE3A5273D781400DBC4B8 /* Sample_FaceID_TouchIDTests.xctest */;
			productType = "com.apple.product-type.bundle.unit-test";
		};
		701AE3AE273D781400DBC4B8 /* Sample_FaceID_TouchIDUITests */ = {
			isa = PBXNativeTarget;
			buildConfigurationList = 701AE3BF273D781400DBC4B8 /* Build configuration list for PBXNativeTarget "Sample_FaceID_TouchIDUITests" */;
			buildPhases = (
				701AE3AB273D781400DBC4B8 /* Sources */,
				701AE3AC273D781400DBC4B8 /* Frameworks */,
				701AE3AD273D781400DBC4B8 /* Resources */,
			);
			buildRules = (
			);
			dependencies = (
				701AE3B1273D781400DBC4B8 /* PBXTargetDependency */,
			);
			name = Sample_FaceID_TouchIDUITests;
			productName = Sample_FaceID_TouchIDUITests;
			productReference = 701AE3AF273D781400DBC4B8 /* Sample_FaceID_TouchIDUITests.xctest */;
			productType = "com.apple.product-type.bundle.ui-testing";
		};
/* End PBXNativeTarget section */

/* Begin PBXProject section */
		701AE387273D781300DBC4B8 /* Project object */ = {
			isa = PBXProject;
			attributes = {
				BuildIndependentTargetsInParallel = 1;
				LastSwiftUpdateCheck = 1310;
				LastUpgradeCheck = 1310;
				TargetAttributes = {
					701AE38E273D781300DBC4B8 = {
						CreatedOnToolsVersion = 13.1;
					};
					701AE3A4273D781400DBC4B8 = {
						CreatedOnToolsVersion = 13.1;
						TestTargetID = 701AE38E273D781300DBC4B8;
					};
					701AE3AE273D781400DBC4B8 = {
						CreatedOnToolsVersion = 13.1;
						TestTargetID = 701AE38E273D781300DBC4B8;
					};
				};
			};
			buildConfigurationList = 701AE38A273D781300DBC4B8 /* Build configuration list for PBXProject "Sample_FaceID_TouchID" */;
			compatibilityVersion = "Xcode 13.0";
			developmentRegion = en;
			hasScannedForEncodings = 0;
			knownRegions = (
				en,
				Base,
			);
			mainGroup = 701AE386273D781300DBC4B8;
			productRefGroup = 701AE390273D781300DBC4B8 /* Products */;
			projectDirPath = "";
			projectRoot = "";
			targets = (
				701AE38E273D781300DBC4B8 /* Sample_FaceID_TouchID */,
				701AE3A4273D781400DBC4B8 /* Sample_FaceID_TouchIDTests */,
				701AE3AE273D781400DBC4B8 /* Sample_FaceID_TouchIDUITests */,
			);
		};
/* End PBXProject section */

/* Begin PBXResourcesBuildPhase section */
		701AE38D273D781300DBC4B8 /* Resources */ = {
			isa = PBXResourcesBuildPhase;
			buildActionMask = 2147483647;
			files = (
				701AE39F273D781400DBC4B8 /* LaunchScreen.storyboard in Resources */,
				701AE39C273D781400DBC4B8 /* Assets.xcassets in Resources */,
				701AE39A273D781300DBC4B8 /* Main.storyboard in Resources */,
			);
			runOnlyForDeploymentPostprocessing = 0;
		};
		701AE3A3273D781400DBC4B8 /* Resources */ = {
			isa = PBXResourcesBuildPhase;
			buildActionMask = 2147483647;
			files = (
			);
			runOnlyForDeploymentPostprocessing = 0;
		};
		701AE3AD273D781400DBC4B8 /* Resources */ = {
			isa = PBXResourcesBuildPhase;
			buildActionMask = 2147483647;
			files = (
			);
			runOnlyForDeploymentPostprocessing = 0;
		};
/* End PBXResourcesBuildPhase section */

/* Begin PBXSourcesBuildPhase section */
		701AE38B273D781300DBC4B8 /* Sources */ = {
			isa = PBXSourcesBuildPhase;
			buildActionMask = 2147483647;
			files = (
				701AE397273D781300DBC4B8 /* ViewController.swift in Sources */,
				701AE393273D781300DBC4B8 /* AppDelegate.swift in Sources */,
				701AE395273D781300DBC4B8 /* SceneDelegate.swift in Sources */,
				7092D46A273D90C300B2CC79 /* AuthenticationManager.swift in Sources */,
				701AE3C3273D7C8A00DBC4B8 /* DashboardViewController.swift in Sources */,
			);
			runOnlyForDeploymentPostprocessing = 0;
		};
		701AE3A1273D781400DBC4B8 /* Sources */ = {
			isa = PBXSourcesBuildPhase;
			buildActionMask = 2147483647;
			files = (
				701AE3AA273D781400DBC4B8 /* Sample_FaceID_TouchIDTests.swift in Sources */,
			);
			runOnlyForDeploymentPostprocessing = 0;
		};
		701AE3AB273D781400DBC4B8 /* Sources */ = {
			isa = PBXSourcesBuildPhase;
			buildActionMask = 2147483647;
			files = (
				701AE3B4273D781400DBC4B8 /* Sample_FaceID_TouchIDUITests.swift in Sources */,
				701AE3B6273D781400DBC4B8 /* Sample_FaceID_TouchIDUITestsLaunchTests.swift in Sources */,
			);
			runOnlyForDeploymentPostprocessing = 0;
		};
/* End PBXSourcesBuildPhase section */

/* Begin PBXTargetDependency section */
		701AE3A7273D781400DBC4B8 /* PBXTargetDependency */ = {
			isa = PBXTargetDependency;
			target = 701AE38E273D781300DBC4B8 /* Sample_FaceID_TouchID */;
			targetProxy = 701AE3A6273D781400DBC4B8 /* PBXContainerItemProxy */;
		};
		701AE3B1273D781400DBC4B8 /* PBXTargetDependency */ = {
			isa = PBXTargetDependency;
			target = 701AE38E273D781300DBC4B8 /* Sample_FaceID_TouchID */;
			targetProxy = 701AE3B0273D781400DBC4B8 /* PBXContainerItemProxy */;
		};
/* End PBXTargetDependency section */

/* Begin PBXVariantGroup section */
		701AE398273D781300DBC4B8 /* Main.storyboard */ = {
			isa = PBXVariantGroup;
			children = (
				701AE399273D781300DBC4B8 /* Base */,
			);
			name = Main.storyboard;
			sourceTree = "<group>";
		};
		701AE39D273D781400DBC4B8 /* LaunchScreen.storyboard */ = {
			isa = PBXVariantGroup;
			children = (
				701AE39E273D781400DBC4B8 /* Base */,
			);
			name = LaunchScreen.storyboard;
			sourceTree = "<group>";
		};
/* End PBXVariantGroup section */

/* Begin XCBuildConfiguration section */
		701AE3B7273D781400DBC4B8 /* Debug */ = {
			isa = XCBuildConfiguration;
			buildSettings = {
				ALWAYS_SEARCH_USER_PATHS = NO;
				CLANG_ANALYZER_NONNULL = YES;
				CLANG_ANALYZER_NUMBER_OBJECT_CONVERSION = YES_AGGRESSIVE;
				CLANG_CXX_LANGUAGE_STANDARD = "gnu++17";
				CLANG_CXX_LIBRARY = "libc++";
				CLANG_ENABLE_MODULES = YES;
				CLANG_ENABLE_OBJC_ARC = YES;
				CLANG_ENABLE_OBJC_WEAK = YES;
				CLANG_WARN_BLOCK_CAPTURE_AUTORELEASING = YES;
				CLANG_WARN_BOOL_CONVERSION = YES;
				CLANG_WARN_COMMA = YES;
				CLANG_WARN_CONSTANT_CONVERSION = YES;
				CLANG_WARN_DEPRECATED_OBJC_IMPLEMENTATIONS = YES;
				CLANG_WARN_DIRECT_OBJC_ISA_USAGE = YES_ERROR;
				CLANG_WARN_DOCUMENTATION_COMMENTS = YES;
				CLANG_WARN_EMPTY_BODY = YES;
				CLANG_WARN_ENUM_CONVERSION = YES;
				CLANG_WARN_INFINITE_RECURSION = YES;
				CLANG_WARN_INT_CONVERSION = YES;
				CLANG_WARN_NON_LITERAL_NULL_CONVERSION = YES;
				CLANG_WARN_OBJC_IMPLICIT_RETAIN_SELF = YES;
				CLANG_WARN_OBJC_LITERAL_CONVERSION = YES;
				CLANG_WARN_OBJC_ROOT_CLASS = YES_ERROR;
				CLANG_WARN_QUOTED_INCLUDE_IN_FRAMEWORK_HEADER = YES;
				CLANG_WARN_RANGE_LOOP_ANALYSIS = YES;
				CLANG_WARN_STRICT_PROTOTYPES = YES;
				CLANG_WARN_SUSPICIOUS_MOVE = YES;
				CLANG_WARN_UNGUARDED_AVAILABILITY = YES_AGGRESSIVE;
				CLANG_WARN_UNREACHABLE_CODE = YES;
				CLANG_WARN__DUPLICATE_METHOD_MATCH = YES;
				COPY_PHASE_STRIP = NO;
				DEBUG_INFORMATION_FORMAT = dwarf;
				ENABLE_STRICT_OBJC_MSGSEND = YES;
				ENABLE_TESTABILITY = YES;
				GCC_C_LANGUAGE_STANDARD = gnu11;
				GCC_DYNAMIC_NO_PIC = NO;
				GCC_NO_COMMON_BLOCKS = YES;
				GCC_OPTIMIZATION_LEVEL = 0;
				GCC_PREPROCESSOR_DEFINITIONS = (
					"DEBUG=1",
					"$(inherited)",
				);
				GCC_WARN_64_TO_32_BIT_CONVERSION = YES;
				GCC_WARN_ABOUT_RETURN_TYPE = YES_ERROR;
				GCC_WARN_UNDECLARED_SELECTOR = YES;
				GCC_WARN_UNINITIALIZED_AUTOS = YES_AGGRESSIVE;
				GCC_WARN_UNUSED_FUNCTION = YES;
				GCC_WARN_UNUSED_VARIABLE = YES;
				IPHONEOS_DEPLOYMENT_TARGET = 15.0;
				MTL_ENABLE_DEBUG_INFO = INCLUDE_SOURCE;
				MTL_FAST_MATH = YES;
				ONLY_ACTIVE_ARCH = YES;
				SDKROOT = iphoneos;
				SWIFT_ACTIVE_COMPILATION_CONDITIONS = DEBUG;
				SWIFT_OPTIMIZATION_LEVEL = "-Onone";
			};
			name = Debug;
		};
		701AE3B8273D781400DBC4B8 /* Release */ = {
			isa = XCBuildConfiguration;
			buildSettings = {
				ALWAYS_SEARCH_USER_PATHS = NO;
				CLANG_ANALYZER_NONNULL = YES;
				CLANG_ANALYZER_NUMBER_OBJECT_CONVERSION = YES_AGGRESSIVE;
				CLANG_CXX_LANGUAGE_STANDARD = "gnu++17";
				CLANG_CXX_LIBRARY = "libc++";
				CLANG_ENABLE_MODULES = YES;
				CLANG_ENABLE_OBJC_ARC = YES;
				CLANG_ENABLE_OBJC_WEAK = YES;
				CLANG_WARN_BLOCK_CAPTURE_AUTORELEASING = YES;
				CLANG_WARN_BOOL_CONVERSION = YES;
				CLANG_WARN_COMMA = YES;
				CLANG_WARN_CONSTANT_CONVERSION = YES;
				CLANG_WARN_DEPRECATED_OBJC_IMPLEMENTATIONS = YES;
				CLANG_WARN_DIRECT_OBJC_ISA_USAGE = YES_ERROR;
				CLANG_WARN_DOCUMENTATION_COMMENTS = YES;
				CLANG_WARN_EMPTY_BODY = YES;
				CLANG_WARN_ENUM_CONVERSION = YES;
				CLANG_WARN_INFINITE_RECURSION = YES;
				CLANG_WARN_INT_CONVERSION = YES;
				CLANG_WARN_NON_LITERAL_NULL_CONVERSION = YES;
				CLANG_WARN_OBJC_IMPLICIT_RETAIN_SELF = YES;
				CLANG_WARN_OBJC_LITERAL_CONVERSION = YES;
				CLANG_WARN_OBJC_ROOT_CLASS = YES_ERROR;
				CLANG_WARN_QUOTED_INCLUDE_IN_FRAMEWORK_HEADER = YES;
				CLANG_WARN_RANGE_LOOP_ANALYSIS = YES;
				CLANG_WARN_STRICT_PROTOTYPES = YES;
				CLANG_WARN_SUSPICIOUS_MOVE = YES;
				CLANG_WARN_UNGUARDED_AVAILABILITY = YES_AGGRESSIVE;
				CLANG_WARN_UNREACHABLE_CODE = YES;
				CLANG_WARN__DUPLICATE_METHOD_MATCH = YES;
				COPY_PHASE_STRIP = NO;
				DEBUG_INFORMATION_FORMAT = "dwarf-with-dsym";
				ENABLE_NS_ASSERTIONS = NO;
				ENABLE_STRICT_OBJC_MSGSEND = YES;
				GCC_C_LANGUAGE_STANDARD = gnu11;
				GCC_NO_COMMON_BLOCKS = YES;
				GCC_WARN_64_TO_32_BIT_CONVERSION = YES;
				GCC_WARN_ABOUT_RETURN_TYPE = YES_ERROR;
				GCC_WARN_UNDECLARED_SELECTOR = YES;
				GCC_WARN_UNINITIALIZED_AUTOS = YES_AGGRESSIVE;
				GCC_WARN_UNUSED_FUNCTION = YES;
				GCC_WARN_UNUSED_VARIABLE = YES;
				IPHONEOS_DEPLOYMENT_TARGET = 15.0;
				MTL_ENABLE_DEBUG_INFO = NO;
				MTL_FAST_MATH = YES;
				SDKROOT = iphoneos;
				SWIFT_COMPILATION_MODE = wholemodule;
				SWIFT_OPTIMIZATION_LEVEL = "-O";
				VALIDATE_PRODUCT = YES;
			};
			name = Release;
		};
		701AE3BA273D781400DBC4B8 /* Debug */ = {
			isa = XCBuildConfiguration;
			buildSettings = {
				ASSETCATALOG_COMPILER_APPICON_NAME = AppIcon;
				ASSETCATALOG_COMPILER_GLOBAL_ACCENT_COLOR_NAME = AccentColor;
				CODE_SIGN_STYLE = Automatic;
				CURRENT_PROJECT_VERSION = 1;
				DEVELOPMENT_TEAM = 78FFNVHXM9;
				GENERATE_INFOPLIST_FILE = YES;
				INFOPLIST_FILE = Sample_FaceID_TouchID/Info.plist;
				INFOPLIST_KEY_UIApplicationSupportsIndirectInputEvents = YES;
				INFOPLIST_KEY_UILaunchStoryboardName = LaunchScreen;
				INFOPLIST_KEY_UIMainStoryboardFile = Main;
				INFOPLIST_KEY_UISupportedInterfaceOrientations_iPad = "UIInterfaceOrientationPortrait UIInterfaceOrientationPortraitUpsideDown UIInterfaceOrientationLandscapeLeft UIInterfaceOrientationLandscapeRight";
				INFOPLIST_KEY_UISupportedInterfaceOrientations_iPhone = "UIInterfaceOrientationPortrait UIInterfaceOrientationLandscapeLeft UIInterfaceOrientationLandscapeRight";
				IPHONEOS_DEPLOYMENT_TARGET = 14.0;
				LD_RUNPATH_SEARCH_PATHS = (
					"$(inherited)",
					"@executable_path/Frameworks",
				);
				MARKETING_VERSION = 1.0;
				PRODUCT_BUNDLE_IDENTIFIER = "com.UrmetSecure.Sample-FaceID-TouchID";
				PRODUCT_NAME = "$(TARGET_NAME)";
				SWIFT_EMIT_LOC_STRINGS = YES;
				SWIFT_VERSION = 5.0;
				TARGETED_DEVICE_FAMILY = "1,2";
			};
			name = Debug;
		};
		701AE3BB273D781400DBC4B8 /* Release */ = {
			isa = XCBuildConfiguration;
			buildSettings = {
				ASSETCATALOG_COMPILER_APPICON_NAME = AppIcon;
				ASSETCATALOG_COMPILER_GLOBAL_ACCENT_COLOR_NAME = AccentColor;
				CODE_SIGN_STYLE = Automatic;
				CURRENT_PROJECT_VERSION = 1;
				DEVELOPMENT_TEAM = 78FFNVHXM9;
				GENERATE_INFOPLIST_FILE = YES;
				INFOPLIST_FILE = Sample_FaceID_TouchID/Info.plist;
				INFOPLIST_KEY_UIApplicationSupportsIndirectInputEvents = YES;
				INFOPLIST_KEY_UILaunchStoryboardName = LaunchScreen;
				INFOPLIST_KEY_UIMainStoryboardFile = Main;
				INFOPLIST_KEY_UISupportedInterfaceOrientations_iPad = "UIInterfaceOrientationPortrait UIInterfaceOrientationPortraitUpsideDown UIInterfaceOrientationLandscapeLeft UIInterfaceOrientationLandscapeRight";
				INFOPLIST_KEY_UISupportedInterfaceOrientations_iPhone = "UIInterfaceOrientationPortrait UIInterfaceOrientationLandscapeLeft UIInterfaceOrientationLandscapeRight";
				IPHONEOS_DEPLOYMENT_TARGET = 14.0;
				LD_RUNPATH_SEARCH_PATHS = (
					"$(inherited)",
					"@executable_path/Frameworks",
				);
				MARKETING_VERSION = 1.0;
				PRODUCT_BUNDLE_IDENTIFIER = "com.UrmetSecure.Sample-FaceID-TouchID";
				PRODUCT_NAME = "$(TARGET_NAME)";
				SWIFT_EMIT_LOC_STRINGS = YES;
				SWIFT_VERSION = 5.0;
				TARGETED_DEVICE_FAMILY = "1,2";
			};
			name = Release;
		};
		701AE3BD273D781400DBC4B8 /* Debug */ = {
			isa = XCBuildConfiguration;
			buildSettings = {
				ALWAYS_EMBED_SWIFT_STANDARD_LIBRARIES = YES;
				BUNDLE_LOADER = "$(TEST_HOST)";
				CODE_SIGN_STYLE = Automatic;
				CURRENT_PROJECT_VERSION = 1;
				DEVELOPMENT_TEAM = H7TERFXEST;
				GENERATE_INFOPLIST_FILE = YES;
				IPHONEOS_DEPLOYMENT_TARGET = 15.0;
				LD_RUNPATH_SEARCH_PATHS = (
					"$(inherited)",
					"@executable_path/Frameworks",
					"@loader_path/Frameworks",
				);
				MARKETING_VERSION = 1.0;
				PRODUCT_BUNDLE_IDENTIFIER = "com.UrmetSecure.Sample-FaceID-TouchIDTests";
				PRODUCT_NAME = "$(TARGET_NAME)";
				SWIFT_EMIT_LOC_STRINGS = NO;
				SWIFT_VERSION = 5.0;
				TARGETED_DEVICE_FAMILY = "1,2";
				TEST_HOST = "$(BUILT_PRODUCTS_DIR)/Sample_FaceID_TouchID.app/Sample_FaceID_TouchID";
			};
			name = Debug;
		};
		701AE3BE273D781400DBC4B8 /* Release */ = {
			isa = XCBuildConfiguration;
			buildSettings = {
				ALWAYS_EMBED_SWIFT_STANDARD_LIBRARIES = YES;
				BUNDLE_LOADER = "$(TEST_HOST)";
				CODE_SIGN_STYLE = Automatic;
				CURRENT_PROJECT_VERSION = 1;
				DEVELOPMENT_TEAM = H7TERFXEST;
				GENERATE_INFOPLIST_FILE = YES;
				IPHONEOS_DEPLOYMENT_TARGET = 15.0;
				LD_RUNPATH_SEARCH_PATHS = (
					"$(inherited)",
					"@executable_path/Frameworks",
					"@loader_path/Frameworks",
				);
				MARKETING_VERSION = 1.0;
				PRODUCT_BUNDLE_IDENTIFIER = "com.UrmetSecure.Sample-FaceID-TouchIDTests";
				PRODUCT_NAME = "$(TARGET_NAME)";
				SWIFT_EMIT_LOC_STRINGS = NO;
				SWIFT_VERSION = 5.0;
				TARGETED_DEVICE_FAMILY = "1,2";
				TEST_HOST = "$(BUILT_PRODUCTS_DIR)/Sample_FaceID_TouchID.app/Sample_FaceID_TouchID";
			};
			name = Release;
		};
		701AE3C0273D781400DBC4B8 /* Debug */ = {
			isa = XCBuildConfiguration;
			buildSettings = {
				ALWAYS_EMBED_SWIFT_STANDARD_LIBRARIES = YES;
				CODE_SIGN_STYLE = Automatic;
				CURRENT_PROJECT_VERSION = 1;
				DEVELOPMENT_TEAM = H7TERFXEST;
				GENERATE_INFOPLIST_FILE = YES;
				LD_RUNPATH_SEARCH_PATHS = (
					"$(inherited)",
					"@executable_path/Frameworks",
					"@loader_path/Frameworks",
				);
				MARKETING_VERSION = 1.0;
				PRODUCT_BUNDLE_IDENTIFIER = "com.UrmetSecure.Sample-FaceID-TouchIDUITests";
				PRODUCT_NAME = "$(TARGET_NAME)";
				SWIFT_EMIT_LOC_STRINGS = NO;
				SWIFT_VERSION = 5.0;
				TARGETED_DEVICE_FAMILY = "1,2";
				TEST_TARGET_NAME = Sample_FaceID_TouchID;
			};
			name = Debug;
		};
		701AE3C1273D781400DBC4B8 /* Release */ = {
			isa = XCBuildConfiguration;
			buildSettings = {
				ALWAYS_EMBED_SWIFT_STANDARD_LIBRARIES = YES;
				CODE_SIGN_STYLE = Automatic;
				CURRENT_PROJECT_VERSION = 1;
				DEVELOPMENT_TEAM = H7TERFXEST;
				GENERATE_INFOPLIST_FILE = YES;
				LD_RUNPATH_SEARCH_PATHS = (
					"$(inherited)",
					"@executable_path/Frameworks",
					"@loader_path/Frameworks",
				);
				MARKETING_VERSION = 1.0;
				PRODUCT_BUNDLE_IDENTIFIER = "com.UrmetSecure.Sample-FaceID-TouchIDUITests";
				PRODUCT_NAME = "$(TARGET_NAME)";
				SWIFT_EMIT_LOC_STRINGS = NO;
				SWIFT_VERSION = 5.0;
				TARGETED_DEVICE_FAMILY = "1,2";
				TEST_TARGET_NAME = Sample_FaceID_TouchID;
			};
			name = Release;
		};
/* End XCBuildConfiguration section */

/* Begin XCConfigurationList section */
		701AE38A273D781300DBC4B8 /* Build configuration list for PBXProject "Sample_FaceID_TouchID" */ = {
			isa = XCConfigurationList;
			buildConfigurations = (
				701AE3B7273D781400DBC4B8 /* Debug */,
				701AE3B8273D781400DBC4B8 /* Release */,
			);
			defaultConfigurationIsVisible = 0;
			defaultConfigurationName = Release;
		};
		701AE3B9273D781400DBC4B8 /* Build configuration list for PBXNativeTarget "Sample_FaceID_TouchID" */ = {
			isa = XCConfigurationList;
			buildConfigurations = (
				701AE3BA273D781400DBC4B8 /* Debug */,
				701AE3BB273D781400DBC4B8 /* Release */,
			);
			defaultConfigurationIsVisible = 0;
			defaultConfigurationName = Release;
		};
		701AE3BC273D781400DBC4B8 /* Build configuration list for PBXNativeTarget "Sample_FaceID_TouchIDTests" */ = {
			isa = XCConfigurationList;
			buildConfigurations = (
				701AE3BD273D781400DBC4B8 /* Debug */,
				701AE3BE273D781400DBC4B8 /* Release */,
			);
			defaultConfigurationIsVisible = 0;
			defaultConfigurationName = Release;
		};
		701AE3BF273D781400DBC4B8 /* Build configuration list for PBXNativeTarget "Sample_FaceID_TouchIDUITests" */ = {
			isa = XCConfigurationList;
			buildConfigurations = (
				701AE3C0273D781400DBC4B8 /* Debug */,
				701AE3C1273D781400DBC4B8 /* Release */,
			);
			defaultConfigurationIsVisible = 0;
			defaultConfigurationName = Release;
		};
/* End XCConfigurationList section */
	};
	rootObject = 701AE387273D781300DBC4B8 /* Project object */;
}
